// !$*UTF8*$!
{
	archiveVersion = 1;
	classes = {
	};
	objectVersion = 55;
	objects = {

/* Begin PBXBuildFile section */
		A1AD37EE695A6D15B973AB06 /* Pods_MovieApp.framework in Frameworks */ = {isa = PBXBuildFile; fileRef = 90B30BC2BF33C059F1096EEB /* Pods_MovieApp.framework */; };
		C00933F729954DC0001CEC72 /* CategoryCollectionViewCell.swift in Sources */ = {isa = PBXBuildFile; fileRef = C00933F629954DC0001CEC72 /* CategoryCollectionViewCell.swift */; };
		C00933F929954DF6001CEC72 /* MovieTableCollectionViewCell.swift in Sources */ = {isa = PBXBuildFile; fileRef = C00933F829954DF6001CEC72 /* MovieTableCollectionViewCell.swift */; };
		C00933FC29954E35001CEC72 /* MovieModel.swift in Sources */ = {isa = PBXBuildFile; fileRef = C00933FB29954E35001CEC72 /* MovieModel.swift */; };
		C00933FE2995527E001CEC72 /* MovieCollectionViewCell.swift in Sources */ = {isa = PBXBuildFile; fileRef = C00933FD2995527E001CEC72 /* MovieCollectionViewCell.swift */; };
		C0093400299552F2001CEC72 /* Constants.swift in Sources */ = {isa = PBXBuildFile; fileRef = C00933FF299552F2001CEC72 /* Constants.swift */; };
		C009340229955E0A001CEC72 /* SectionHeaderView.swift in Sources */ = {isa = PBXBuildFile; fileRef = C009340129955E0A001CEC72 /* SectionHeaderView.swift */; };
		C00934052998FA99001CEC72 /* Router.swift in Sources */ = {isa = PBXBuildFile; fileRef = C00934042998FA99001CEC72 /* Router.swift */; };
		C00934072998FAC5001CEC72 /* HTTPMethod.swift in Sources */ = {isa = PBXBuildFile; fileRef = C00934062998FAC5001CEC72 /* HTTPMethod.swift */; };
		C00934092998FB01001CEC72 /* NetworkError.swift in Sources */ = {isa = PBXBuildFile; fileRef = C00934082998FB01001CEC72 /* NetworkError.swift */; };
		C009340B2998FB12001CEC72 /* NetworkService.swift in Sources */ = {isa = PBXBuildFile; fileRef = C009340A2998FB12001CEC72 /* NetworkService.swift */; };
		C009340E2998FD90001CEC72 /* MovieRouter.swift in Sources */ = {isa = PBXBuildFile; fileRef = C009340D2998FD90001CEC72 /* MovieRouter.swift */; };
		C0093412299911D8001CEC72 /* APICaller.swift in Sources */ = {isa = PBXBuildFile; fileRef = C0093411299911D8001CEC72 /* APICaller.swift */; };
		C00934142999129C001CEC72 /* MovieData.swift in Sources */ = {isa = PBXBuildFile; fileRef = C00934132999129C001CEC72 /* MovieData.swift */; };
		C009341729991412001CEC72 /* TrendingCollectionViewCell.swift in Sources */ = {isa = PBXBuildFile; fileRef = C009341629991412001CEC72 /* TrendingCollectionViewCell.swift */; };
		C009341929991757001CEC72 /* DetailedMovieData.swift in Sources */ = {isa = PBXBuildFile; fileRef = C009341829991757001CEC72 /* DetailedMovieData.swift */; };
		C009341B29991764001CEC72 /* DetailedMovieModel.swift in Sources */ = {isa = PBXBuildFile; fileRef = C009341A29991764001CEC72 /* DetailedMovieModel.swift */; };
		C009341D29991781001CEC72 /* GenreData.swift in Sources */ = {isa = PBXBuildFile; fileRef = C009341C29991781001CEC72 /* GenreData.swift */; };
		C00934202999181B001CEC72 /* DetailsViewController.swift in Sources */ = {isa = PBXBuildFile; fileRef = C009341F2999181B001CEC72 /* DetailsViewController.swift */; };
		C0093422299918F7001CEC72 /* PosterTableViewCell.swift in Sources */ = {isa = PBXBuildFile; fileRef = C0093421299918F7001CEC72 /* PosterTableViewCell.swift */; };
		C0093428299919E5001CEC72 /* DetailsHeaderView.swift in Sources */ = {isa = PBXBuildFile; fileRef = C0093427299919E5001CEC72 /* DetailsHeaderView.swift */; };
		C08A8A572993FDA40004D152 /* AppDelegate.swift in Sources */ = {isa = PBXBuildFile; fileRef = C08A8A562993FDA40004D152 /* AppDelegate.swift */; };
		C08A8A5B2993FDA40004D152 /* MainViewController.swift in Sources */ = {isa = PBXBuildFile; fileRef = C08A8A5A2993FDA40004D152 /* MainViewController.swift */; };
		C08A8A602993FDA50004D152 /* Assets.xcassets in Resources */ = {isa = PBXBuildFile; fileRef = C08A8A5F2993FDA50004D152 /* Assets.xcassets */; };
		C08A8A632993FDA50004D152 /* LaunchScreen.storyboard in Resources */ = {isa = PBXBuildFile; fileRef = C08A8A612993FDA50004D152 /* LaunchScreen.storyboard */; };
		C08A8A722994043D0004D152 /* NSObject+Ext.swift in Sources */ = {isa = PBXBuildFile; fileRef = C08A8A712994043D0004D152 /* NSObject+Ext.swift */; };
		C08A8A74299405480004D152 /* Assembly.swift in Sources */ = {isa = PBXBuildFile; fileRef = C08A8A73299405480004D152 /* Assembly.swift */; };
		C08A8A76299405DE0004D152 /* PlacesViewController.swift in Sources */ = {isa = PBXBuildFile; fileRef = C08A8A75299405DE0004D152 /* PlacesViewController.swift */; };
		C08A8A78299406C90004D152 /* TicketsViewController.swift in Sources */ = {isa = PBXBuildFile; fileRef = C08A8A77299406C90004D152 /* TicketsViewController.swift */; };
		C08A8A7A299406FB0004D152 /* ProfileViewController.swift in Sources */ = {isa = PBXBuildFile; fileRef = C08A8A79299406FB0004D152 /* ProfileViewController.swift */; };
		C08A8A7C299409820004D152 /* UIColor+Ext.swift in Sources */ = {isa = PBXBuildFile; fileRef = C08A8A7B299409820004D152 /* UIColor+Ext.swift */; };
		C08A8A7F299415C70004D152 /* map.json in Resources */ = {isa = PBXBuildFile; fileRef = C08A8A7E299415C70004D152 /* map.json */; };
/* End PBXBuildFile section */

/* Begin PBXFileReference section */
		4A02F962B8508C5CB257DAA3 /* Pods-MovieApp.release.xcconfig */ = {isa = PBXFileReference; includeInIndex = 1; lastKnownFileType = text.xcconfig; name = "Pods-MovieApp.release.xcconfig"; path = "Target Support Files/Pods-MovieApp/Pods-MovieApp.release.xcconfig"; sourceTree = "<group>"; };
		5B68B0E401C50CACE07F9BA0 /* Pods-MovieApp.debug.xcconfig */ = {isa = PBXFileReference; includeInIndex = 1; lastKnownFileType = text.xcconfig; name = "Pods-MovieApp.debug.xcconfig"; path = "Target Support Files/Pods-MovieApp/Pods-MovieApp.debug.xcconfig"; sourceTree = "<group>"; };
		90B30BC2BF33C059F1096EEB /* Pods_MovieApp.framework */ = {isa = PBXFileReference; explicitFileType = wrapper.framework; includeInIndex = 0; path = Pods_MovieApp.framework; sourceTree = BUILT_PRODUCTS_DIR; };
		C00933F629954DC0001CEC72 /* CategoryCollectionViewCell.swift */ = {isa = PBXFileReference; lastKnownFileType = sourcecode.swift; path = CategoryCollectionViewCell.swift; sourceTree = "<group>"; };
		C00933F829954DF6001CEC72 /* MovieTableCollectionViewCell.swift */ = {isa = PBXFileReference; lastKnownFileType = sourcecode.swift; path = MovieTableCollectionViewCell.swift; sourceTree = "<group>"; };
		C00933FB29954E35001CEC72 /* MovieModel.swift */ = {isa = PBXFileReference; lastKnownFileType = sourcecode.swift; path = MovieModel.swift; sourceTree = "<group>"; };
		C00933FD2995527E001CEC72 /* MovieCollectionViewCell.swift */ = {isa = PBXFileReference; lastKnownFileType = sourcecode.swift; path = MovieCollectionViewCell.swift; sourceTree = "<group>"; };
		C00933FF299552F2001CEC72 /* Constants.swift */ = {isa = PBXFileReference; lastKnownFileType = sourcecode.swift; path = Constants.swift; sourceTree = "<group>"; };
		C009340129955E0A001CEC72 /* SectionHeaderView.swift */ = {isa = PBXFileReference; lastKnownFileType = sourcecode.swift; path = SectionHeaderView.swift; sourceTree = "<group>"; };
		C00934042998FA99001CEC72 /* Router.swift */ = {isa = PBXFileReference; lastKnownFileType = sourcecode.swift; path = Router.swift; sourceTree = "<group>"; };
		C00934062998FAC5001CEC72 /* HTTPMethod.swift */ = {isa = PBXFileReference; lastKnownFileType = sourcecode.swift; path = HTTPMethod.swift; sourceTree = "<group>"; };
		C00934082998FB01001CEC72 /* NetworkError.swift */ = {isa = PBXFileReference; lastKnownFileType = sourcecode.swift; path = NetworkError.swift; sourceTree = "<group>"; };
		C009340A2998FB12001CEC72 /* NetworkService.swift */ = {isa = PBXFileReference; lastKnownFileType = sourcecode.swift; path = NetworkService.swift; sourceTree = "<group>"; };
		C009340D2998FD90001CEC72 /* MovieRouter.swift */ = {isa = PBXFileReference; lastKnownFileType = sourcecode.swift; path = MovieRouter.swift; sourceTree = "<group>"; };
		C0093411299911D8001CEC72 /* APICaller.swift */ = {isa = PBXFileReference; lastKnownFileType = sourcecode.swift; path = APICaller.swift; sourceTree = "<group>"; };
		C00934132999129C001CEC72 /* MovieData.swift */ = {isa = PBXFileReference; lastKnownFileType = sourcecode.swift; path = MovieData.swift; sourceTree = "<group>"; };
		C009341629991412001CEC72 /* TrendingCollectionViewCell.swift */ = {isa = PBXFileReference; lastKnownFileType = sourcecode.swift; path = TrendingCollectionViewCell.swift; sourceTree = "<group>"; };
		C009341829991757001CEC72 /* DetailedMovieData.swift */ = {isa = PBXFileReference; lastKnownFileType = sourcecode.swift; path = DetailedMovieData.swift; sourceTree = "<group>"; };
		C009341A29991764001CEC72 /* DetailedMovieModel.swift */ = {isa = PBXFileReference; lastKnownFileType = sourcecode.swift; path = DetailedMovieModel.swift; sourceTree = "<group>"; };
		C009341C29991781001CEC72 /* GenreData.swift */ = {isa = PBXFileReference; lastKnownFileType = sourcecode.swift; path = GenreData.swift; sourceTree = "<group>"; };
		C009341F2999181B001CEC72 /* DetailsViewController.swift */ = {isa = PBXFileReference; lastKnownFileType = sourcecode.swift; path = DetailsViewController.swift; sourceTree = "<group>"; };
		C0093421299918F7001CEC72 /* PosterTableViewCell.swift */ = {isa = PBXFileReference; lastKnownFileType = sourcecode.swift; path = PosterTableViewCell.swift; sourceTree = "<group>"; };
		C0093427299919E5001CEC72 /* DetailsHeaderView.swift */ = {isa = PBXFileReference; lastKnownFileType = sourcecode.swift; path = DetailsHeaderView.swift; sourceTree = "<group>"; };
		C08A8A532993FDA40004D152 /* MovieApp.app */ = {isa = PBXFileReference; explicitFileType = wrapper.application; includeInIndex = 0; path = MovieApp.app; sourceTree = BUILT_PRODUCTS_DIR; };
		C08A8A562993FDA40004D152 /* AppDelegate.swift */ = {isa = PBXFileReference; lastKnownFileType = sourcecode.swift; path = AppDelegate.swift; sourceTree = "<group>"; };
		C08A8A5A2993FDA40004D152 /* MainViewController.swift */ = {isa = PBXFileReference; lastKnownFileType = sourcecode.swift; path = MainViewController.swift; sourceTree = "<group>"; };
		C08A8A5F2993FDA50004D152 /* Assets.xcassets */ = {isa = PBXFileReference; lastKnownFileType = folder.assetcatalog; path = Assets.xcassets; sourceTree = "<group>"; };
		C08A8A622993FDA50004D152 /* Base */ = {isa = PBXFileReference; lastKnownFileType = file.storyboard; name = Base; path = Base.lproj/LaunchScreen.storyboard; sourceTree = "<group>"; };
		C08A8A642993FDA50004D152 /* Info.plist */ = {isa = PBXFileReference; lastKnownFileType = text.plist.xml; path = Info.plist; sourceTree = "<group>"; };
		C08A8A712994043D0004D152 /* NSObject+Ext.swift */ = {isa = PBXFileReference; lastKnownFileType = sourcecode.swift; path = "NSObject+Ext.swift"; sourceTree = "<group>"; };
		C08A8A73299405480004D152 /* Assembly.swift */ = {isa = PBXFileReference; lastKnownFileType = sourcecode.swift; path = Assembly.swift; sourceTree = "<group>"; };
		C08A8A75299405DE0004D152 /* PlacesViewController.swift */ = {isa = PBXFileReference; lastKnownFileType = sourcecode.swift; path = PlacesViewController.swift; sourceTree = "<group>"; };
		C08A8A77299406C90004D152 /* TicketsViewController.swift */ = {isa = PBXFileReference; lastKnownFileType = sourcecode.swift; path = TicketsViewController.swift; sourceTree = "<group>"; };
		C08A8A79299406FB0004D152 /* ProfileViewController.swift */ = {isa = PBXFileReference; lastKnownFileType = sourcecode.swift; path = ProfileViewController.swift; sourceTree = "<group>"; };
		C08A8A7B299409820004D152 /* UIColor+Ext.swift */ = {isa = PBXFileReference; lastKnownFileType = sourcecode.swift; path = "UIColor+Ext.swift"; sourceTree = "<group>"; };
		C08A8A7E299415C70004D152 /* map.json */ = {isa = PBXFileReference; fileEncoding = 4; lastKnownFileType = text.json; path = map.json; sourceTree = "<group>"; };
/* End PBXFileReference section */

/* Begin PBXFrameworksBuildPhase section */
		C08A8A502993FDA40004D152 /* Frameworks */ = {
			isa = PBXFrameworksBuildPhase;
			buildActionMask = 2147483647;
			files = (
				A1AD37EE695A6D15B973AB06 /* Pods_MovieApp.framework in Frameworks */,
			);
			runOnlyForDeploymentPostprocessing = 0;
		};
/* End PBXFrameworksBuildPhase section */

/* Begin PBXGroup section */
		A103D751B4C4B42AB15AD5AB /* Frameworks */ = {
			isa = PBXGroup;
			children = (
				90B30BC2BF33C059F1096EEB /* Pods_MovieApp.framework */,
			);
			name = Frameworks;
			sourceTree = "<group>";
		};
		BE6E8B0FBB212B329ED99116 /* Pods */ = {
			isa = PBXGroup;
			children = (
				5B68B0E401C50CACE07F9BA0 /* Pods-MovieApp.debug.xcconfig */,
				4A02F962B8508C5CB257DAA3 /* Pods-MovieApp.release.xcconfig */,
			);
			path = Pods;
			sourceTree = "<group>";
		};
		C00933EF29944126001CEC72 /* MainScreen */ = {
			isa = PBXGroup;
			children = (
				C00933FA29954E28001CEC72 /* Model */,
				C00933F029944134001CEC72 /* View */,
				C009340C2998FD63001CEC72 /* Service */,
			);
			path = MainScreen;
			sourceTree = "<group>";
		};
		C00933F029944134001CEC72 /* View */ = {
			isa = PBXGroup;
			children = (
				C009341529991377001CEC72 /* Header */,
				C00933F12994414B001CEC72 /* Cell */,
				C08A8A5A2993FDA40004D152 /* MainViewController.swift */,
			);
			path = View;
			sourceTree = "<group>";
		};
		C00933F12994414B001CEC72 /* Cell */ = {
			isa = PBXGroup;
			children = (
				C00933F629954DC0001CEC72 /* CategoryCollectionViewCell.swift */,
				C00933F829954DF6001CEC72 /* MovieTableCollectionViewCell.swift */,
				C00933FD2995527E001CEC72 /* MovieCollectionViewCell.swift */,
				C009341629991412001CEC72 /* TrendingCollectionViewCell.swift */,
			);
			path = Cell;
			sourceTree = "<group>";
		};
		C00933FA29954E28001CEC72 /* Model */ = {
			isa = PBXGroup;
			children = (
				C00933FB29954E35001CEC72 /* MovieModel.swift */,
				C00934132999129C001CEC72 /* MovieData.swift */,
				C009341C29991781001CEC72 /* GenreData.swift */,
			);
			path = Model;
			sourceTree = "<group>";
		};
		C00934032998FA05001CEC72 /* Service */ = {
			isa = PBXGroup;
			children = (
				C00934042998FA99001CEC72 /* Router.swift */,
				C00934062998FAC5001CEC72 /* HTTPMethod.swift */,
				C00934082998FB01001CEC72 /* NetworkError.swift */,
				C009340A2998FB12001CEC72 /* NetworkService.swift */,
				C0093411299911D8001CEC72 /* APICaller.swift */,
			);
			path = Service;
			sourceTree = "<group>";
		};
		C009340C2998FD63001CEC72 /* Service */ = {
			isa = PBXGroup;
			children = (
				C009340D2998FD90001CEC72 /* MovieRouter.swift */,
			);
			path = Service;
			sourceTree = "<group>";
		};
		C009341529991377001CEC72 /* Header */ = {
			isa = PBXGroup;
			children = (
				C009340129955E0A001CEC72 /* SectionHeaderView.swift */,
			);
			path = Header;
			sourceTree = "<group>";
		};
		C009341E2999180E001CEC72 /* DetailsScreen */ = {
			isa = PBXGroup;
			children = (
				C009342429991958001CEC72 /* View */,
				C009342329991953001CEC72 /* Model */,
			);
			path = DetailsScreen;
			sourceTree = "<group>";
		};
		C009342329991953001CEC72 /* Model */ = {
			isa = PBXGroup;
			children = (
				C009341829991757001CEC72 /* DetailedMovieData.swift */,
				C009341A29991764001CEC72 /* DetailedMovieModel.swift */,
			);
			path = Model;
			sourceTree = "<group>";
		};
		C009342429991958001CEC72 /* View */ = {
			isa = PBXGroup;
			children = (
				C0093426299919C2001CEC72 /* Header */,
				C009342529991966001CEC72 /* Cell */,
				C009341F2999181B001CEC72 /* DetailsViewController.swift */,
			);
			path = View;
			sourceTree = "<group>";
		};
		C009342529991966001CEC72 /* Cell */ = {
			isa = PBXGroup;
			children = (
				C0093421299918F7001CEC72 /* PosterTableViewCell.swift */,
			);
			path = Cell;
			sourceTree = "<group>";
		};
		C0093426299919C2001CEC72 /* Header */ = {
			isa = PBXGroup;
			children = (
				C0093427299919E5001CEC72 /* DetailsHeaderView.swift */,
			);
			path = Header;
			sourceTree = "<group>";
		};
		C08A8A4A2993FDA40004D152 = {
			isa = PBXGroup;
			children = (
				C08A8A552993FDA40004D152 /* MovieApp */,
				C08A8A542993FDA40004D152 /* Products */,
				BE6E8B0FBB212B329ED99116 /* Pods */,
				A103D751B4C4B42AB15AD5AB /* Frameworks */,
			);
			sourceTree = "<group>";
		};
		C08A8A542993FDA40004D152 /* Products */ = {
			isa = PBXGroup;
			children = (
				C08A8A532993FDA40004D152 /* MovieApp.app */,
			);
			name = Products;
			sourceTree = "<group>";
		};
		C08A8A552993FDA40004D152 /* MovieApp */ = {
			isa = PBXGroup;
			children = (
				C08A8A6B2993FEA90004D152 /* Core */,
				C08A8A6D2993FEB50004D152 /* Resources */,
				C08A8A6C2993FEAF0004D152 /* Screens */,
				C08A8A6A2993FE9E0004D152 /* Application */,
			);
			path = MovieApp;
			sourceTree = "<group>";
		};
		C08A8A6A2993FE9E0004D152 /* Application */ = {
			isa = PBXGroup;
			children = (
				C08A8A562993FDA40004D152 /* AppDelegate.swift */,
				C08A8A612993FDA50004D152 /* LaunchScreen.storyboard */,
				C08A8A642993FDA50004D152 /* Info.plist */,
			);
			path = Application;
			sourceTree = "<group>";
		};
		C08A8A6B2993FEA90004D152 /* Core */ = {
			isa = PBXGroup;
			children = (
				C00934032998FA05001CEC72 /* Service */,
				C08A8A70299400DE0004D152 /* Extensions */,
				C08A8A73299405480004D152 /* Assembly.swift */,
				C00933FF299552F2001CEC72 /* Constants.swift */,
			);
			path = Core;
			sourceTree = "<group>";
		};
		C08A8A6C2993FEAF0004D152 /* Screens */ = {
			isa = PBXGroup;
			children = (
				C009341E2999180E001CEC72 /* DetailsScreen */,
				C00933EF29944126001CEC72 /* MainScreen */,
				C08A8A75299405DE0004D152 /* PlacesViewController.swift */,
				C08A8A77299406C90004D152 /* TicketsViewController.swift */,
				C08A8A79299406FB0004D152 /* ProfileViewController.swift */,
			);
			path = Screens;
			sourceTree = "<group>";
		};
		C08A8A6D2993FEB50004D152 /* Resources */ = {
			isa = PBXGroup;
			children = (
				C08A8A7D299415960004D152 /* Lottie */,
				C08A8A5F2993FDA50004D152 /* Assets.xcassets */,
			);
			path = Resources;
			sourceTree = "<group>";
		};
		C08A8A70299400DE0004D152 /* Extensions */ = {
			isa = PBXGroup;
			children = (
				C08A8A712994043D0004D152 /* NSObject+Ext.swift */,
				C08A8A7B299409820004D152 /* UIColor+Ext.swift */,
			);
			path = Extensions;
			sourceTree = "<group>";
		};
		C08A8A7D299415960004D152 /* Lottie */ = {
			isa = PBXGroup;
			children = (
				C08A8A7E299415C70004D152 /* map.json */,
			);
			path = Lottie;
			sourceTree = "<group>";
		};
/* End PBXGroup section */

/* Begin PBXNativeTarget section */
		C08A8A522993FDA40004D152 /* MovieApp */ = {
			isa = PBXNativeTarget;
			buildConfigurationList = C08A8A672993FDA50004D152 /* Build configuration list for PBXNativeTarget "MovieApp" */;
			buildPhases = (
				DBF4974F7F8C891174C0E709 /* [CP] Check Pods Manifest.lock */,
				C08A8A4F2993FDA40004D152 /* Sources */,
				C08A8A502993FDA40004D152 /* Frameworks */,
				C08A8A512993FDA40004D152 /* Resources */,
				65C6F2C86A0D44EE331867A1 /* [CP] Embed Pods Frameworks */,
			);
			buildRules = (
			);
			dependencies = (
			);
			name = MovieApp;
			productName = MovieApp;
			productReference = C08A8A532993FDA40004D152 /* MovieApp.app */;
			productType = "com.apple.product-type.application";
		};
/* End PBXNativeTarget section */

/* Begin PBXProject section */
		C08A8A4B2993FDA40004D152 /* Project object */ = {
			isa = PBXProject;
			attributes = {
				BuildIndependentTargetsInParallel = 1;
				LastSwiftUpdateCheck = 1420;
				LastUpgradeCheck = 1420;
				TargetAttributes = {
					C08A8A522993FDA40004D152 = {
						CreatedOnToolsVersion = 14.2;
					};
				};
			};
			buildConfigurationList = C08A8A4E2993FDA40004D152 /* Build configuration list for PBXProject "MovieApp" */;
			compatibilityVersion = "Xcode 13.0";
			developmentRegion = en;
			hasScannedForEncodings = 0;
			knownRegions = (
				en,
				Base,
			);
			mainGroup = C08A8A4A2993FDA40004D152;
			productRefGroup = C08A8A542993FDA40004D152 /* Products */;
			projectDirPath = "";
			projectRoot = "";
			targets = (
				C08A8A522993FDA40004D152 /* MovieApp */,
			);
		};
/* End PBXProject section */

/* Begin PBXResourcesBuildPhase section */
		C08A8A512993FDA40004D152 /* Resources */ = {
			isa = PBXResourcesBuildPhase;
			buildActionMask = 2147483647;
			files = (
				C08A8A632993FDA50004D152 /* LaunchScreen.storyboard in Resources */,
				C08A8A602993FDA50004D152 /* Assets.xcassets in Resources */,
				C08A8A7F299415C70004D152 /* map.json in Resources */,
			);
			runOnlyForDeploymentPostprocessing = 0;
		};
/* End PBXResourcesBuildPhase section */

/* Begin PBXShellScriptBuildPhase section */
		65C6F2C86A0D44EE331867A1 /* [CP] Embed Pods Frameworks */ = {
			isa = PBXShellScriptBuildPhase;
			buildActionMask = 2147483647;
			files = (
			);
			inputFileListPaths = (
				"${PODS_ROOT}/Target Support Files/Pods-MovieApp/Pods-MovieApp-frameworks-${CONFIGURATION}-input-files.xcfilelist",
			);
			name = "[CP] Embed Pods Frameworks";
			outputFileListPaths = (
				"${PODS_ROOT}/Target Support Files/Pods-MovieApp/Pods-MovieApp-frameworks-${CONFIGURATION}-output-files.xcfilelist",
			);
			runOnlyForDeploymentPostprocessing = 0;
			shellPath = /bin/sh;
			shellScript = "\"${PODS_ROOT}/Target Support Files/Pods-MovieApp/Pods-MovieApp-frameworks.sh\"\n";
			showEnvVarsInLog = 0;
		};
		DBF4974F7F8C891174C0E709 /* [CP] Check Pods Manifest.lock */ = {
			isa = PBXShellScriptBuildPhase;
			buildActionMask = 2147483647;
			files = (
			);
			inputFileListPaths = (
			);
			inputPaths = (
				"${PODS_PODFILE_DIR_PATH}/Podfile.lock",
				"${PODS_ROOT}/Manifest.lock",
			);
			name = "[CP] Check Pods Manifest.lock";
			outputFileListPaths = (
			);
			outputPaths = (
				"$(DERIVED_FILE_DIR)/Pods-MovieApp-checkManifestLockResult.txt",
			);
			runOnlyForDeploymentPostprocessing = 0;
			shellPath = /bin/sh;
			shellScript = "diff \"${PODS_PODFILE_DIR_PATH}/Podfile.lock\" \"${PODS_ROOT}/Manifest.lock\" > /dev/null\nif [ $? != 0 ] ; then\n    # print error to STDERR\n    echo \"error: The sandbox is not in sync with the Podfile.lock. Run 'pod install' or update your CocoaPods installation.\" >&2\n    exit 1\nfi\n# This output is used by Xcode 'outputs' to avoid re-running this script phase.\necho \"SUCCESS\" > \"${SCRIPT_OUTPUT_FILE_0}\"\n";
			showEnvVarsInLog = 0;
		};
/* End PBXShellScriptBuildPhase section */

/* Begin PBXSourcesBuildPhase section */
		C08A8A4F2993FDA40004D152 /* Sources */ = {
			isa = PBXSourcesBuildPhase;
			buildActionMask = 2147483647;
			files = (
				C009341B29991764001CEC72 /* DetailedMovieModel.swift in Sources */,
				C00934092998FB01001CEC72 /* NetworkError.swift in Sources */,
				C009341D29991781001CEC72 /* GenreData.swift in Sources */,
				C00933FC29954E35001CEC72 /* MovieModel.swift in Sources */,
				C0093428299919E5001CEC72 /* DetailsHeaderView.swift in Sources */,
				C08A8A722994043D0004D152 /* NSObject+Ext.swift in Sources */,
				C00934142999129C001CEC72 /* MovieData.swift in Sources */,
				C0093412299911D8001CEC72 /* APICaller.swift in Sources */,
				C08A8A74299405480004D152 /* Assembly.swift in Sources */,
				C009341929991757001CEC72 /* DetailedMovieData.swift in Sources */,
				C0093422299918F7001CEC72 /* PosterTableViewCell.swift in Sources */,
				C009340E2998FD90001CEC72 /* MovieRouter.swift in Sources */,
				C009340B2998FB12001CEC72 /* NetworkService.swift in Sources */,
				C00934202999181B001CEC72 /* DetailsViewController.swift in Sources */,
				C009341729991412001CEC72 /* TrendingCollectionViewCell.swift in Sources */,
				C00933FE2995527E001CEC72 /* MovieCollectionViewCell.swift in Sources */,
				C08A8A76299405DE0004D152 /* PlacesViewController.swift in Sources */,
				C00933F929954DF6001CEC72 /* MovieTableCollectionViewCell.swift in Sources */,
				C08A8A5B2993FDA40004D152 /* MainViewController.swift in Sources */,
				C00934052998FA99001CEC72 /* Router.swift in Sources */,
				C0093400299552F2001CEC72 /* Constants.swift in Sources */,
				C00933F729954DC0001CEC72 /* CategoryCollectionViewCell.swift in Sources */,
				C08A8A7A299406FB0004D152 /* ProfileViewController.swift in Sources */,
				C08A8A7C299409820004D152 /* UIColor+Ext.swift in Sources */,
				C00934072998FAC5001CEC72 /* HTTPMethod.swift in Sources */,
				C009340229955E0A001CEC72 /* SectionHeaderView.swift in Sources */,
				C08A8A78299406C90004D152 /* TicketsViewController.swift in Sources */,
				C08A8A572993FDA40004D152 /* AppDelegate.swift in Sources */,
			);
			runOnlyForDeploymentPostprocessing = 0;
		};
/* End PBXSourcesBuildPhase section */

/* Begin PBXVariantGroup section */
		C08A8A612993FDA50004D152 /* LaunchScreen.storyboard */ = {
			isa = PBXVariantGroup;
			children = (
				C08A8A622993FDA50004D152 /* Base */,
			);
			name = LaunchScreen.storyboard;
			sourceTree = "<group>";
		};
/* End PBXVariantGroup section */

/* Begin XCBuildConfiguration section */
		C08A8A652993FDA50004D152 /* Debug */ = {
			isa = XCBuildConfiguration;
			buildSettings = {
				ALWAYS_SEARCH_USER_PATHS = NO;
				CLANG_ANALYZER_NONNULL = YES;
				CLANG_ANALYZER_NUMBER_OBJECT_CONVERSION = YES_AGGRESSIVE;
				CLANG_CXX_LANGUAGE_STANDARD = "gnu++20";
				CLANG_ENABLE_MODULES = YES;
				CLANG_ENABLE_OBJC_ARC = YES;
				CLANG_ENABLE_OBJC_WEAK = YES;
				CLANG_WARN_BLOCK_CAPTURE_AUTORELEASING = YES;
				CLANG_WARN_BOOL_CONVERSION = YES;
				CLANG_WARN_COMMA = YES;
				CLANG_WARN_CONSTANT_CONVERSION = YES;
				CLANG_WARN_DEPRECATED_OBJC_IMPLEMENTATIONS = YES;
				CLANG_WARN_DIRECT_OBJC_ISA_USAGE = YES_ERROR;
				CLANG_WARN_DOCUMENTATION_COMMENTS = YES;
				CLANG_WARN_EMPTY_BODY = YES;
				CLANG_WARN_ENUM_CONVERSION = YES;
				CLANG_WARN_INFINITE_RECURSION = YES;
				CLANG_WARN_INT_CONVERSION = YES;
				CLANG_WARN_NON_LITERAL_NULL_CONVERSION = YES;
				CLANG_WARN_OBJC_IMPLICIT_RETAIN_SELF = YES;
				CLANG_WARN_OBJC_LITERAL_CONVERSION = YES;
				CLANG_WARN_OBJC_ROOT_CLASS = YES_ERROR;
				CLANG_WARN_QUOTED_INCLUDE_IN_FRAMEWORK_HEADER = YES;
				CLANG_WARN_RANGE_LOOP_ANALYSIS = YES;
				CLANG_WARN_STRICT_PROTOTYPES = YES;
				CLANG_WARN_SUSPICIOUS_MOVE = YES;
				CLANG_WARN_UNGUARDED_AVAILABILITY = YES_AGGRESSIVE;
				CLANG_WARN_UNREACHABLE_CODE = YES;
				CLANG_WARN__DUPLICATE_METHOD_MATCH = YES;
				COPY_PHASE_STRIP = NO;
				DEBUG_INFORMATION_FORMAT = dwarf;
				ENABLE_STRICT_OBJC_MSGSEND = YES;
				ENABLE_TESTABILITY = YES;
				GCC_C_LANGUAGE_STANDARD = gnu11;
				GCC_DYNAMIC_NO_PIC = NO;
				GCC_NO_COMMON_BLOCKS = YES;
				GCC_OPTIMIZATION_LEVEL = 0;
				GCC_PREPROCESSOR_DEFINITIONS = (
					"DEBUG=1",
					"$(inherited)",
				);
				GCC_WARN_64_TO_32_BIT_CONVERSION = YES;
				GCC_WARN_ABOUT_RETURN_TYPE = YES_ERROR;
				GCC_WARN_UNDECLARED_SELECTOR = YES;
				GCC_WARN_UNINITIALIZED_AUTOS = YES_AGGRESSIVE;
				GCC_WARN_UNUSED_FUNCTION = YES;
				GCC_WARN_UNUSED_VARIABLE = YES;
				IPHONEOS_DEPLOYMENT_TARGET = 16.2;
				MTL_ENABLE_DEBUG_INFO = INCLUDE_SOURCE;
				MTL_FAST_MATH = YES;
				ONLY_ACTIVE_ARCH = YES;
				SDKROOT = iphoneos;
				SWIFT_ACTIVE_COMPILATION_CONDITIONS = DEBUG;
				SWIFT_OPTIMIZATION_LEVEL = "-Onone";
			};
			name = Debug;
		};
		C08A8A662993FDA50004D152 /* Release */ = {
			isa = XCBuildConfiguration;
			buildSettings = {
				ALWAYS_SEARCH_USER_PATHS = NO;
				CLANG_ANALYZER_NONNULL = YES;
				CLANG_ANALYZER_NUMBER_OBJECT_CONVERSION = YES_AGGRESSIVE;
				CLANG_CXX_LANGUAGE_STANDARD = "gnu++20";
				CLANG_ENABLE_MODULES = YES;
				CLANG_ENABLE_OBJC_ARC = YES;
				CLANG_ENABLE_OBJC_WEAK = YES;
				CLANG_WARN_BLOCK_CAPTURE_AUTORELEASING = YES;
				CLANG_WARN_BOOL_CONVERSION = YES;
				CLANG_WARN_COMMA = YES;
				CLANG_WARN_CONSTANT_CONVERSION = YES;
				CLANG_WARN_DEPRECATED_OBJC_IMPLEMENTATIONS = YES;
				CLANG_WARN_DIRECT_OBJC_ISA_USAGE = YES_ERROR;
				CLANG_WARN_DOCUMENTATION_COMMENTS = YES;
				CLANG_WARN_EMPTY_BODY = YES;
				CLANG_WARN_ENUM_CONVERSION = YES;
				CLANG_WARN_INFINITE_RECURSION = YES;
				CLANG_WARN_INT_CONVERSION = YES;
				CLANG_WARN_NON_LITERAL_NULL_CONVERSION = YES;
				CLANG_WARN_OBJC_IMPLICIT_RETAIN_SELF = YES;
				CLANG_WARN_OBJC_LITERAL_CONVERSION = YES;
				CLANG_WARN_OBJC_ROOT_CLASS = YES_ERROR;
				CLANG_WARN_QUOTED_INCLUDE_IN_FRAMEWORK_HEADER = YES;
				CLANG_WARN_RANGE_LOOP_ANALYSIS = YES;
				CLANG_WARN_STRICT_PROTOTYPES = YES;
				CLANG_WARN_SUSPICIOUS_MOVE = YES;
				CLANG_WARN_UNGUARDED_AVAILABILITY = YES_AGGRESSIVE;
				CLANG_WARN_UNREACHABLE_CODE = YES;
				CLANG_WARN__DUPLICATE_METHOD_MATCH = YES;
				COPY_PHASE_STRIP = NO;
				DEBUG_INFORMATION_FORMAT = "dwarf-with-dsym";
				ENABLE_NS_ASSERTIONS = NO;
				ENABLE_STRICT_OBJC_MSGSEND = YES;
				GCC_C_LANGUAGE_STANDARD = gnu11;
				GCC_NO_COMMON_BLOCKS = YES;
				GCC_WARN_64_TO_32_BIT_CONVERSION = YES;
				GCC_WARN_ABOUT_RETURN_TYPE = YES_ERROR;
				GCC_WARN_UNDECLARED_SELECTOR = YES;
				GCC_WARN_UNINITIALIZED_AUTOS = YES_AGGRESSIVE;
				GCC_WARN_UNUSED_FUNCTION = YES;
				GCC_WARN_UNUSED_VARIABLE = YES;
				IPHONEOS_DEPLOYMENT_TARGET = 16.2;
				MTL_ENABLE_DEBUG_INFO = NO;
				MTL_FAST_MATH = YES;
				SDKROOT = iphoneos;
				SWIFT_COMPILATION_MODE = wholemodule;
				SWIFT_OPTIMIZATION_LEVEL = "-O";
				VALIDATE_PRODUCT = YES;
			};
			name = Release;
		};
		C08A8A682993FDA50004D152 /* Debug */ = {
			isa = XCBuildConfiguration;
			baseConfigurationReference = 5B68B0E401C50CACE07F9BA0 /* Pods-MovieApp.debug.xcconfig */;
			buildSettings = {
				ASSETCATALOG_COMPILER_APPICON_NAME = AppIcon;
				ASSETCATALOG_COMPILER_GLOBAL_ACCENT_COLOR_NAME = AccentColor;
				CODE_SIGN_STYLE = Automatic;
				CURRENT_PROJECT_VERSION = 1;
				GENERATE_INFOPLIST_FILE = YES;
				INFOPLIST_FILE = MovieApp/Application/Info.plist;
				INFOPLIST_KEY_UIApplicationSupportsIndirectInputEvents = YES;
				INFOPLIST_KEY_UILaunchStoryboardName = LaunchScreen;
				INFOPLIST_KEY_UISupportedInterfaceOrientations_iPad = "UIInterfaceOrientationPortrait UIInterfaceOrientationPortraitUpsideDown UIInterfaceOrientationLandscapeLeft UIInterfaceOrientationLandscapeRight";
				INFOPLIST_KEY_UISupportedInterfaceOrientations_iPhone = "UIInterfaceOrientationPortrait UIInterfaceOrientationLandscapeLeft UIInterfaceOrientationLandscapeRight";
				LD_RUNPATH_SEARCH_PATHS = (
					"$(inherited)",
					"@executable_path/Frameworks",
				);
				MARKETING_VERSION = 1.0;
				PRODUCT_BUNDLE_IDENTIFIER = Almaz.MovieApp;
				PRODUCT_NAME = "$(TARGET_NAME)";
				SWIFT_EMIT_LOC_STRINGS = YES;
				SWIFT_VERSION = 5.0;
				TARGETED_DEVICE_FAMILY = "1,2";
			};
			name = Debug;
		};
		C08A8A692993FDA50004D152 /* Release */ = {
			isa = XCBuildConfiguration;
			baseConfigurationReference = 4A02F962B8508C5CB257DAA3 /* Pods-MovieApp.release.xcconfig */;
			buildSettings = {
				ASSETCATALOG_COMPILER_APPICON_NAME = AppIcon;
				ASSETCATALOG_COMPILER_GLOBAL_ACCENT_COLOR_NAME = AccentColor;
				CODE_SIGN_STYLE = Automatic;
				CURRENT_PROJECT_VERSION = 1;
				GENERATE_INFOPLIST_FILE = YES;
				INFOPLIST_FILE = MovieApp/Application/Info.plist;
				INFOPLIST_KEY_UIApplicationSupportsIndirectInputEvents = YES;
				INFOPLIST_KEY_UILaunchStoryboardName = LaunchScreen;
				INFOPLIST_KEY_UISupportedInterfaceOrientations_iPad = "UIInterfaceOrientationPortrait UIInterfaceOrientationPortraitUpsideDown UIInterfaceOrientationLandscapeLeft UIInterfaceOrientationLandscapeRight";
				INFOPLIST_KEY_UISupportedInterfaceOrientations_iPhone = "UIInterfaceOrientationPortrait UIInterfaceOrientationLandscapeLeft UIInterfaceOrientationLandscapeRight";
				LD_RUNPATH_SEARCH_PATHS = (
					"$(inherited)",
					"@executable_path/Frameworks",
				);
				MARKETING_VERSION = 1.0;
				PRODUCT_BUNDLE_IDENTIFIER = Almaz.MovieApp;
				PRODUCT_NAME = "$(TARGET_NAME)";
				SWIFT_EMIT_LOC_STRINGS = YES;
				SWIFT_VERSION = 5.0;
				TARGETED_DEVICE_FAMILY = "1,2";
			};
			name = Release;
		};
/* End XCBuildConfiguration section */

/* Begin XCConfigurationList section */
		C08A8A4E2993FDA40004D152 /* Build configuration list for PBXProject "MovieApp" */ = {
			isa = XCConfigurationList;
			buildConfigurations = (
				C08A8A652993FDA50004D152 /* Debug */,
				C08A8A662993FDA50004D152 /* Release */,
			);
			defaultConfigurationIsVisible = 0;
			defaultConfigurationName = Release;
		};
		C08A8A672993FDA50004D152 /* Build configuration list for PBXNativeTarget "MovieApp" */ = {
			isa = XCConfigurationList;
			buildConfigurations = (
				C08A8A682993FDA50004D152 /* Debug */,
				C08A8A692993FDA50004D152 /* Release */,
			);
			defaultConfigurationIsVisible = 0;
			defaultConfigurationName = Release;
		};
/* End XCConfigurationList section */
	};
	rootObject = C08A8A4B2993FDA40004D152 /* Project object */;
}
